
Microsoft Visual Studio Solution File, Format Version 12.00
# Visual Studio Version 16
VisualStudioVersion = 16.0.32413.511
MinimumVisualStudioVersion = 10.0.40219.1
Project("{FAE04EC0-301F-11D3-BF4B-00C04F79EFBC}") = "Tema5Ex2", "Tema5Ex2\Tema5Ex2.csproj", "{D6786784-A693-45A6-9DC4-EF776B18BD34}"
EndProject
Global
	GlobalSection(SolutionConfigurationPlatforms) = preSolution
		Debug|Any CPU = Debug|Any CPU
		Release|Any CPU = Release|Any CPU
	EndGlobalSection
	GlobalSection(ProjectConfigurationPlatforms) = postSolution
		{D6786784-A693-45A6-9DC4-EF776B18BD34}.Debug|Any CPU.ActiveCfg = Debug|Any CPU
		{D6786784-A693-45A6-9DC4-EF776B18BD34}.Debug|Any CPU.Build.0 = Debug|Any CPU
		{D6786784-A693-45A6-9DC4-EF776B18BD34}.Release|Any CPU.ActiveCfg = Release|Any CPU
		{D6786784-A693-45A6-9DC4-EF776B18BD34}.Release|Any CPU.Build.0 = Release|Any CPU
	EndGlobalSection
	GlobalSection(SolutionProperties) = preSolution
		HideSolutionNode = FALSE
	EndGlobalSection
	GlobalSection(ExtensibilityGlobals) = postSolution
		SolutionGuid = {081E1D22-8812-4B77-AE8C-49D1A874593B}
	EndGlobalSection
EndGlobal
